{
    "name": "uaparser-core",
    "version": "4.0.5",
    "lockfileVersion": 3,
    "requires": true,
    "packages": {
        "": {
            "name": "uaparser-core",
            "version": "4.0.5",
            "dependencies": {
                "safe-regex": "^2.1.1",
                "uap-ref-impl": "^0.3.1",
                "yamlparser": "^0.0.2"
            },
            "devDependencies": {
                "uap-core": "^0.18.0"
            }
        },
        "node_modules/regexp-tree": {
            "version": "0.1.27",
            "resolved": "https://registry.npmjs.org/regexp-tree/-/regexp-tree-0.1.27.tgz",
            "integrity": "sha512-iETxpjK6YoRWJG5o6hXLwvjYAoW+FEZn9os0PD/b6AP6xQwsa/Y7lCVgIixBbUPMfhu+i2LtdeAqVTgGlQarfA==",
            "license": "MIT",
            "bin": {
                "regexp-tree": "bin/regexp-tree"
            }
        },
        "node_modules/safe-regex": {
            "version": "2.1.1",
            "resolved": "https://registry.npmjs.org/safe-regex/-/safe-regex-2.1.1.tgz",
            "integrity": "sha512-rx+x8AMzKb5Q5lQ95Zoi6ZbJqwCLkqi3XuJXp5P3rT8OEc6sZCJG5AE5dU3lsgRr/F4Bs31jSlVN+j5KrsGu9A==",
            "license": "MIT",
            "dependencies": {
                "regexp-tree": "~0.1.1"
            }
        },
        "node_modules/uap-core": {
            "version": "0.18.0",
            "resolved": "https://registry.npmjs.org/uap-core/-/uap-core-0.18.0.tgz",
            "integrity": "sha512-Eh5pSzisem1e0wyG7b6qggehroFJNw+H6RdBkCX+4DjTfP9IbAw/zMiDfMZnCghyyRk1lkQZF8e6BRnRAQRr0w==",
            "dev": true
        },
        "node_modules/uap-ref-impl": {
            "version": "0.3.1",
            "resolved": "https://registry.npmjs.org/uap-ref-impl/-/uap-ref-impl-0.3.1.tgz",
            "integrity": "sha512-LZQye4s4ImUiueDrrKObpp3kyZYQtbucw+fwgWph8PpKFRxgimR/bGksH3qXoU9cIX3Hvxw2LHdjRoSuOZwR3A==",
            "dependencies": {
                "yamlparser": ">=0.0.2"
            }
        },
        "node_modules/yamlparser": {
            "version": "0.0.2",
            "resolved": "https://registry.npmjs.org/yamlparser/-/yamlparser-0.0.2.tgz",
            "integrity": "sha512-Cou9FCGblEENtn1/8La5wkDM/ISMh2bzu5Wh7dYzCzA0o9jD4YGyLkUJxe84oPBGoB92f+Oy4ZjVhA8S0C2wlQ=="
        }
    }
}
